# THIS IS AN AUTOGENERATED FILE. DO NOT EDIT THIS FILE DIRECTLY.
# yarn lockfile v1


apollo-upload-client@^17.0.0:
  version "17.0.0"
  resolved "https://registry.yarnpkg.com/apollo-upload-client/-/apollo-upload-client-17.0.0.tgz#d9baaff8d14e54510de9f2855b487e75ca63b392"
  integrity sha512-pue33bWVbdlXAGFPkgz53TTmxVMrKeQr0mdRcftNY+PoHIdbGZD0hoaXHvO6OePJAkFz7OiCFUf98p1G/9+Ykw==
  dependencies:
    extract-files "^11.0.0"

extract-files@^11.0.0:
  version "11.0.0"
  resolved "https://registry.yarnpkg.com/extract-files/-/extract-files-11.0.0.tgz#b72d428712f787eef1f5193aff8ab5351ca8469a"
  integrity sha512-FuoE1qtbJ4bBVvv94CC7s0oTnKUGvQs+Rjf1L2SJFfS+HTVVjhPFtehPdQ0JiGPqVNfSSZvL5yzHHQq2Z4WNhQ==
